
Microsoft Visual Studio Solution File, Format Version 12.00
# Visual Studio 15
VisualStudioVersion = 15.0.26730.12
MinimumVisualStudioVersion = 10.0.40219.1
Project("{FAE04EC0-301F-11D3-BF4B-00C04F79EFBC}") = "OneCoreAdmin.Web", "OneCoreAdmin.Web\OneCoreAdmin.Web.csproj", "{D82250A5-A325-4563-8AC2-5BE17AE559B7}"
EndProject
Project("{FAE04EC0-301F-11D3-BF4B-00C04F79EFBC}") = "OneCoreAdmin.Data", "OneCoreAdmin.Data\OneCoreAdmin.Data.csproj", "{13810412-BCDD-4AE7-9E31-EFD53EDCD9C7}"
EndProject
Project("{FAE04EC0-301F-11D3-BF4B-00C04F79EFBC}") = "OneCoreAdmin.Business", "OneCoreAdmin.Business\OneCoreAdmin.Business.csproj", "{1BE8018B-3B44-47B8-AAEF-B227174711F2}"
EndProject
Project("{2150E333-8FDC-42A3-9474-1A3956D46DE8}") = "Resources", "Resources", "{B62B15F6-6B47-47D7-BF6D-D2380C2A826A}"
	ProjectSection(SolutionItems) = preProject
		Resources\Create DataBase OneCoreAdmin.sql = Resources\Create DataBase OneCoreAdmin.sql
	EndProjectSection
EndProject
Project("{FAE04EC0-301F-11D3-BF4B-00C04F79EFBC}") = "OneCoreAdmin.Framework", "OneCoreAdmin.Framework\OneCoreAdmin.Framework.csproj", "{4965DC9E-BE5D-4115-B019-BF424D3A0FBF}"
EndProject
Global
	GlobalSection(SolutionConfigurationPlatforms) = preSolution
		Debug|Any CPU = Debug|Any CPU
		Release|Any CPU = Release|Any CPU
	EndGlobalSection
	GlobalSection(ProjectConfigurationPlatforms) = postSolution
		{D82250A5-A325-4563-8AC2-5BE17AE559B7}.Debug|Any CPU.ActiveCfg = Debug|Any CPU
		{D82250A5-A325-4563-8AC2-5BE17AE559B7}.Debug|Any CPU.Build.0 = Debug|Any CPU
		{D82250A5-A325-4563-8AC2-5BE17AE559B7}.Release|Any CPU.ActiveCfg = Release|Any CPU
		{D82250A5-A325-4563-8AC2-5BE17AE559B7}.Release|Any CPU.Build.0 = Release|Any CPU
		{13810412-BCDD-4AE7-9E31-EFD53EDCD9C7}.Debug|Any CPU.ActiveCfg = Debug|Any CPU
		{13810412-BCDD-4AE7-9E31-EFD53EDCD9C7}.Debug|Any CPU.Build.0 = Debug|Any CPU
		{13810412-BCDD-4AE7-9E31-EFD53EDCD9C7}.Release|Any CPU.ActiveCfg = Release|Any CPU
		{13810412-BCDD-4AE7-9E31-EFD53EDCD9C7}.Release|Any CPU.Build.0 = Release|Any CPU
		{1BE8018B-3B44-47B8-AAEF-B227174711F2}.Debug|Any CPU.ActiveCfg = Debug|Any CPU
		{1BE8018B-3B44-47B8-AAEF-B227174711F2}.Debug|Any CPU.Build.0 = Debug|Any CPU
		{1BE8018B-3B44-47B8-AAEF-B227174711F2}.Release|Any CPU.ActiveCfg = Release|Any CPU
		{1BE8018B-3B44-47B8-AAEF-B227174711F2}.Release|Any CPU.Build.0 = Release|Any CPU
		{4965DC9E-BE5D-4115-B019-BF424D3A0FBF}.Debug|Any CPU.ActiveCfg = Debug|Any CPU
		{4965DC9E-BE5D-4115-B019-BF424D3A0FBF}.Debug|Any CPU.Build.0 = Debug|Any CPU
		{4965DC9E-BE5D-4115-B019-BF424D3A0FBF}.Release|Any CPU.ActiveCfg = Release|Any CPU
		{4965DC9E-BE5D-4115-B019-BF424D3A0FBF}.Release|Any CPU.Build.0 = Release|Any CPU
	EndGlobalSection
	GlobalSection(SolutionProperties) = preSolution
		HideSolutionNode = FALSE
	EndGlobalSection
	GlobalSection(ExtensibilityGlobals) = postSolution
		SolutionGuid = {C24795AF-8800-415F-8CDF-AC702A77C825}
	EndGlobalSection
EndGlobal
